
Microsoft Visual Studio Solution File, Format Version 12.00
# Visual Studio Version 17
VisualStudioVersion = 17.4.33110.190
MinimumVisualStudioVersion = 10.0.40219.1
Project("{9A19103F-16F7-4668-BE54-9A1E7A4F7556}") = "PBIXInspectorCLI", "PBIXInspectorCLI\PBIXInspectorCLI.csproj", "{979A67A2-A68A-472D-B1CF-C28068844D85}"
EndProject
Project("{9A19103F-16F7-4668-BE54-9A1E7A4F7556}") = "PBIXInspectorLibrary", "PBIXInspectorLibrary\PBIXInspectorLibrary.csproj", "{E5113296-3D06-48BA-8113-0AAB4F790CAB}"
EndProject
Project("{2150E333-8FDC-42A3-9474-1A3956D46DE8}") = "Solution Items", "Solution Items", "{D842426E-4F0A-42E7-8574-3D8C739651F1}"
	ProjectSection(SolutionItems) = preProject
		LICENSE = LICENSE
		README.md = README.md
	EndProjectSection
EndProject
Project("{9A19103F-16F7-4668-BE54-9A1E7A4F7556}") = "PBIXInspectorTests", "PBIXInspectorTests\PBIXInspectorTests.csproj", "{0ABE09AE-A1A2-4156-A341-C6A38127884C}"
EndProject
Project("{2150E333-8FDC-42A3-9474-1A3956D46DE8}") = "DocsImages", "DocsImages", "{AD4E6E10-AD07-4A1E-B6D4-258C5BCF261F}"
	ProjectSection(SolutionItems) = preProject
		DocsImages\diff.svg = DocsImages\diff.svg
		DocsImages\intersection.svg = DocsImages\intersection.svg
		DocsImages\pbiinspector.png = DocsImages\pbiinspector.png
		DocsImages\ReidSession.png = DocsImages\ReidSession.png
		DocsImages\RunReportFromWinForm.png = DocsImages\RunReportFromWinForm.png
		DocsImages\SampleReportOverReport.png = DocsImages\SampleReportOverReport.png
		DocsImages\symdiff.svg = DocsImages\symdiff.svg
		DocsImages\TooltipPageWithIncorrectAspectRatio.png = DocsImages\TooltipPageWithIncorrectAspectRatio.png
		DocsImages\union.svg = DocsImages\union.svg
		DocsImages\UpdateReportParameter.png = DocsImages\UpdateReportParameter.png
		DocsImages\WinForm1.png = DocsImages\WinForm1.png
		DocsImages\WireframeChartsWiderThanTall.png = DocsImages\WireframeChartsWiderThanTall.png
		DocsImages\WireframeWithFailures.png = DocsImages\WireframeWithFailures.png
		DocsImages\WireframeWithHiddenVisual.png = DocsImages\WireframeWithHiddenVisual.png
	EndProjectSection
EndProject
Project("{9A19103F-16F7-4668-BE54-9A1E7A4F7556}") = "PBIXInspectorWinLibrary", "PBIXInspectorWinLibrary\PBIXInspectorWinLibrary.csproj", "{C6CBC9A2-22D7-4CA6-BC1B-5F7DD629D17F}"
EndProject
Project("{9A19103F-16F7-4668-BE54-9A1E7A4F7556}") = "PBIXInspectorWinForm", "PBIXInspectorWinForm\PBIXInspectorWinForm.csproj", "{2EFEF6B8-E017-4D14-9F30-DCD093CB85CD}"
EndProject
Project("{2150E333-8FDC-42A3-9474-1A3956D46DE8}") = "DocsExamples", "DocsExamples", "{0DABAA35-C96D-4D84-96ED-C088A39D5CA0}"
	ProjectSection(SolutionItems) = preProject
		DocsExamples\Example-ReportPageFieldMap.json = DocsExamples\Example-ReportPageFieldMap.json
		DocsExamples\Example-ReportPageFieldMapV2.json = DocsExamples\Example-ReportPageFieldMapV2.json
		DocsExamples\Example-rules.json = DocsExamples\Example-rules.json
		DocsExamples\Examples-rulesV2.json = DocsExamples\Examples-rulesV2.json
		DocsExamples\Reid-rules.json = DocsExamples\Reid-rules.json
		DocsExamples\Reid-rulesV2.json = DocsExamples\Reid-rulesV2.json
		DocsExamples\Themeable-properties-rules.json = DocsExamples\Themeable-properties-rules.json
		DocsExamples\Themeable-properties-rulesV2.json = DocsExamples\Themeable-properties-rulesV2.json
	EndProjectSection
EndProject
Project("{2150E333-8FDC-42A3-9474-1A3956D46DE8}") = "Rules", "Rules", "{BB86A63C-BBD5-48DA-9481-343165781823}"
	ProjectSection(SolutionItems) = preProject
		Rules\Base-rules.json = Rules\Base-rules.json
		Rules\Base-rulesV2.json = Rules\Base-rulesV2.json
	EndProjectSection
EndProject
Project("{2150E333-8FDC-42A3-9474-1A3956D46DE8}") = "ReportExample", "ReportExample", "{3A0CE8CE-A7CB-4288-B9EF-06056779A0D1}"
	ProjectSection(SolutionItems) = preProject
		DocsExamples\ReportExample\PBI Inspector Reporting.pbip = DocsExamples\ReportExample\PBI Inspector Reporting.pbip
	EndProjectSection
EndProject
Project("{2150E333-8FDC-42A3-9474-1A3956D46DE8}") = "PBI Inspector Reporting.Report", "PBI Inspector Reporting.Report", "{4692719B-AC01-4A09-8889-EBB4CC69D5C2}"
	ProjectSection(SolutionItems) = preProject
		DocsExamples\ReportExample\PBI Inspector Reporting.Report\definition.pbir = DocsExamples\ReportExample\PBI Inspector Reporting.Report\definition.pbir
		DocsExamples\ReportExample\PBI Inspector Reporting.Report\item.config.json = DocsExamples\ReportExample\PBI Inspector Reporting.Report\item.config.json
		DocsExamples\ReportExample\PBI Inspector Reporting.Report\item.metadata.json = DocsExamples\ReportExample\PBI Inspector Reporting.Report\item.metadata.json
		DocsExamples\ReportExample\PBI Inspector Reporting.Report\report.json = DocsExamples\ReportExample\PBI Inspector Reporting.Report\report.json
	EndProjectSection
EndProject
Project("{2150E333-8FDC-42A3-9474-1A3956D46DE8}") = "PBI Inspector Reporting.Dataset", "PBI Inspector Reporting.Dataset", "{F575C0AD-D7C5-4B54-A387-DBDC50C58225}"
	ProjectSection(SolutionItems) = preProject
		DocsExamples\ReportExample\PBI Inspector Reporting.Dataset\definition.pbidataset = DocsExamples\ReportExample\PBI Inspector Reporting.Dataset\definition.pbidataset
		DocsExamples\ReportExample\PBI Inspector Reporting.Dataset\diagramLayout.json = DocsExamples\ReportExample\PBI Inspector Reporting.Dataset\diagramLayout.json
		DocsExamples\ReportExample\PBI Inspector Reporting.Dataset\item.config.json = DocsExamples\ReportExample\PBI Inspector Reporting.Dataset\item.config.json
		DocsExamples\ReportExample\PBI Inspector Reporting.Dataset\item.metadata.json = DocsExamples\ReportExample\PBI Inspector Reporting.Dataset\item.metadata.json
		DocsExamples\ReportExample\PBI Inspector Reporting.Dataset\model.bim = DocsExamples\ReportExample\PBI Inspector Reporting.Dataset\model.bim
	EndProjectSection
EndProject
Project("{2150E333-8FDC-42A3-9474-1A3956D46DE8}") = "StaticResources", "StaticResources", "{F8D8F5A8-2FAB-4D9A-A9A8-EB48369A75F0}"
EndProject
Project("{2150E333-8FDC-42A3-9474-1A3956D46DE8}") = "RegisteredResources", "RegisteredResources", "{250ACB5C-52B3-494A-B3A9-EF734F348F43}"
	ProjectSection(SolutionItems) = preProject
		DocsExamples\ReportExample\PBI Inspector Reporting.Report\StaticResources\RegisteredResources\pbiinspector41285453691645757.png = DocsExamples\ReportExample\PBI Inspector Reporting.Report\StaticResources\RegisteredResources\pbiinspector41285453691645757.png
	EndProjectSection
EndProject
Project("{2150E333-8FDC-42A3-9474-1A3956D46DE8}") = "SharedResources", "SharedResources", "{D1568C15-D0F3-439F-9EA1-D6353CEFB15C}"
EndProject
Project("{2150E333-8FDC-42A3-9474-1A3956D46DE8}") = "BaseThemes", "BaseThemes", "{29D794BC-3EBD-4D04-92D5-F26B81AEE6D0}"
	ProjectSection(SolutionItems) = preProject
		DocsExamples\ReportExample\PBI Inspector Reporting.Report\StaticResources\SharedResources\BaseThemes\CY23SU11.json = DocsExamples\ReportExample\PBI Inspector Reporting.Report\StaticResources\SharedResources\BaseThemes\CY23SU11.json
	EndProjectSection
EndProject
Project("{9A19103F-16F7-4668-BE54-9A1E7A4F7556}") = "PBIXInspectorAzureFunctions", "PBIXInspectorAzureFunctions\PBIXInspectorAzureFunctions.csproj", "{B6F334C7-0E39-487E-83D9-76430CCA80B4}"
EndProject
Global
	GlobalSection(SolutionConfigurationPlatforms) = preSolution
		Debug|Any CPU = Debug|Any CPU
		Release|Any CPU = Release|Any CPU
	EndGlobalSection
	GlobalSection(ProjectConfigurationPlatforms) = postSolution
		{979A67A2-A68A-472D-B1CF-C28068844D85}.Debug|Any CPU.ActiveCfg = Debug|Any CPU
		{979A67A2-A68A-472D-B1CF-C28068844D85}.Debug|Any CPU.Build.0 = Debug|Any CPU
		{979A67A2-A68A-472D-B1CF-C28068844D85}.Release|Any CPU.ActiveCfg = Release|Any CPU
		{979A67A2-A68A-472D-B1CF-C28068844D85}.Release|Any CPU.Build.0 = Release|Any CPU
		{E5113296-3D06-48BA-8113-0AAB4F790CAB}.Debug|Any CPU.ActiveCfg = Debug|Any CPU
		{E5113296-3D06-48BA-8113-0AAB4F790CAB}.Debug|Any CPU.Build.0 = Debug|Any CPU
		{E5113296-3D06-48BA-8113-0AAB4F790CAB}.Release|Any CPU.ActiveCfg = Release|Any CPU
		{E5113296-3D06-48BA-8113-0AAB4F790CAB}.Release|Any CPU.Build.0 = Release|Any CPU
		{0ABE09AE-A1A2-4156-A341-C6A38127884C}.Debug|Any CPU.ActiveCfg = Debug|Any CPU
		{0ABE09AE-A1A2-4156-A341-C6A38127884C}.Debug|Any CPU.Build.0 = Debug|Any CPU
		{0ABE09AE-A1A2-4156-A341-C6A38127884C}.Release|Any CPU.ActiveCfg = Release|Any CPU
		{C6CBC9A2-22D7-4CA6-BC1B-5F7DD629D17F}.Debug|Any CPU.ActiveCfg = Debug|Any CPU
		{C6CBC9A2-22D7-4CA6-BC1B-5F7DD629D17F}.Debug|Any CPU.Build.0 = Debug|Any CPU
		{C6CBC9A2-22D7-4CA6-BC1B-5F7DD629D17F}.Release|Any CPU.ActiveCfg = Release|Any CPU
		{C6CBC9A2-22D7-4CA6-BC1B-5F7DD629D17F}.Release|Any CPU.Build.0 = Release|Any CPU
		{2EFEF6B8-E017-4D14-9F30-DCD093CB85CD}.Debug|Any CPU.ActiveCfg = Debug|Any CPU
		{2EFEF6B8-E017-4D14-9F30-DCD093CB85CD}.Debug|Any CPU.Build.0 = Debug|Any CPU
		{2EFEF6B8-E017-4D14-9F30-DCD093CB85CD}.Release|Any CPU.ActiveCfg = Release|Any CPU
		{2EFEF6B8-E017-4D14-9F30-DCD093CB85CD}.Release|Any CPU.Build.0 = Release|Any CPU
		{B6F334C7-0E39-487E-83D9-76430CCA80B4}.Debug|Any CPU.ActiveCfg = Debug|Any CPU
		{B6F334C7-0E39-487E-83D9-76430CCA80B4}.Debug|Any CPU.Build.0 = Debug|Any CPU
		{B6F334C7-0E39-487E-83D9-76430CCA80B4}.Release|Any CPU.ActiveCfg = Release|Any CPU
		{B6F334C7-0E39-487E-83D9-76430CCA80B4}.Release|Any CPU.Build.0 = Release|Any CPU
	EndGlobalSection
	GlobalSection(SolutionProperties) = preSolution
		HideSolutionNode = FALSE
	EndGlobalSection
	GlobalSection(NestedProjects) = preSolution
		{AD4E6E10-AD07-4A1E-B6D4-258C5BCF261F} = {D842426E-4F0A-42E7-8574-3D8C739651F1}
		{0DABAA35-C96D-4D84-96ED-C088A39D5CA0} = {D842426E-4F0A-42E7-8574-3D8C739651F1}
		{BB86A63C-BBD5-48DA-9481-343165781823} = {D842426E-4F0A-42E7-8574-3D8C739651F1}
		{3A0CE8CE-A7CB-4288-B9EF-06056779A0D1} = {0DABAA35-C96D-4D84-96ED-C088A39D5CA0}
		{4692719B-AC01-4A09-8889-EBB4CC69D5C2} = {3A0CE8CE-A7CB-4288-B9EF-06056779A0D1}
		{F575C0AD-D7C5-4B54-A387-DBDC50C58225} = {3A0CE8CE-A7CB-4288-B9EF-06056779A0D1}
		{F8D8F5A8-2FAB-4D9A-A9A8-EB48369A75F0} = {4692719B-AC01-4A09-8889-EBB4CC69D5C2}
		{250ACB5C-52B3-494A-B3A9-EF734F348F43} = {F8D8F5A8-2FAB-4D9A-A9A8-EB48369A75F0}
		{D1568C15-D0F3-439F-9EA1-D6353CEFB15C} = {F8D8F5A8-2FAB-4D9A-A9A8-EB48369A75F0}
		{29D794BC-3EBD-4D04-92D5-F26B81AEE6D0} = {D1568C15-D0F3-439F-9EA1-D6353CEFB15C}
	EndGlobalSection
	GlobalSection(ExtensibilityGlobals) = postSolution
		SolutionGuid = {937CBF58-BBEF-4642-AAD3-5156B6BF45CE}
	EndGlobalSection
EndGlobal
